
Microsoft Visual Studio Solution File, Format Version 12.00
# Visual Studio Version 16
VisualStudioVersion = 16.0.29709.97
MinimumVisualStudioVersion = 10.0.40219.1
Project("{FAE04EC0-301F-11D3-BF4B-00C04F79EFBC}") = "ContactApp", "ContactApp\ContactApp.csproj", "{26739717-377F-49DF-A4B1-9B6EC735084E}"
EndProject
Project("{FAE04EC0-301F-11D3-BF4B-00C04F79EFBC}") = "ContactDB", "ContactDB\ContactDB.csproj", "{9BBC75C4-82BB-4C49-B2E1-F8BBCAE1CA18}"
EndProject
Project("{FAE04EC0-301F-11D3-BF4B-00C04F79EFBC}") = "ContactRepository", "ContactRepository\ContactRepository.csproj", "{D7C9E77C-3896-4038-82DD-977FD2F90C5B}"
EndProject
Global
	GlobalSection(SolutionConfigurationPlatforms) = preSolution
		Debug|Any CPU = Debug|Any CPU
		Release|Any CPU = Release|Any CPU
	EndGlobalSection
	GlobalSection(ProjectConfigurationPlatforms) = postSolution
		{26739717-377F-49DF-A4B1-9B6EC735084E}.Debug|Any CPU.ActiveCfg = Debug|Any CPU
		{26739717-377F-49DF-A4B1-9B6EC735084E}.Debug|Any CPU.Build.0 = Debug|Any CPU
		{26739717-377F-49DF-A4B1-9B6EC735084E}.Release|Any CPU.ActiveCfg = Release|Any CPU
		{26739717-377F-49DF-A4B1-9B6EC735084E}.Release|Any CPU.Build.0 = Release|Any CPU
		{9BBC75C4-82BB-4C49-B2E1-F8BBCAE1CA18}.Debug|Any CPU.ActiveCfg = Debug|Any CPU
		{9BBC75C4-82BB-4C49-B2E1-F8BBCAE1CA18}.Debug|Any CPU.Build.0 = Debug|Any CPU
		{9BBC75C4-82BB-4C49-B2E1-F8BBCAE1CA18}.Release|Any CPU.ActiveCfg = Release|Any CPU
		{9BBC75C4-82BB-4C49-B2E1-F8BBCAE1CA18}.Release|Any CPU.Build.0 = Release|Any CPU
		{D7C9E77C-3896-4038-82DD-977FD2F90C5B}.Debug|Any CPU.ActiveCfg = Debug|Any CPU
		{D7C9E77C-3896-4038-82DD-977FD2F90C5B}.Debug|Any CPU.Build.0 = Debug|Any CPU
		{D7C9E77C-3896-4038-82DD-977FD2F90C5B}.Release|Any CPU.ActiveCfg = Release|Any CPU
		{D7C9E77C-3896-4038-82DD-977FD2F90C5B}.Release|Any CPU.Build.0 = Release|Any CPU
	EndGlobalSection
	GlobalSection(SolutionProperties) = preSolution
		HideSolutionNode = FALSE
	EndGlobalSection
	GlobalSection(ExtensibilityGlobals) = postSolution
		SolutionGuid = {4B5146BF-CB7D-4BDD-92C6-BFCD172FC4A9}
	EndGlobalSection
EndGlobal
