
Microsoft Visual Studio Solution File, Format Version 12.00
# Visual Studio Version 16
VisualStudioVersion = 16.0.29709.97
MinimumVisualStudioVersion = 10.0.40219.1
Project("{FAE04EC0-301F-11D3-BF4B-00C04F79EFBC}") = "WpfApp1", "WpfApp1.csproj", "{38941E23-879B-4A0C-AF29-17AF498EE3D9}"
EndProject
Global
	GlobalSection(SolutionConfigurationPlatforms) = preSolution
		Debug|Any CPU = Debug|Any CPU
		Release|Any CPU = Release|Any CPU
	EndGlobalSection
	GlobalSection(ProjectConfigurationPlatforms) = postSolution
		{38941E23-879B-4A0C-AF29-17AF498EE3D9}.Debug|Any CPU.ActiveCfg = Debug|Any CPU
		{38941E23-879B-4A0C-AF29-17AF498EE3D9}.Debug|Any CPU.Build.0 = Debug|Any CPU
		{38941E23-879B-4A0C-AF29-17AF498EE3D9}.Release|Any CPU.ActiveCfg = Release|Any CPU
		{38941E23-879B-4A0C-AF29-17AF498EE3D9}.Release|Any CPU.Build.0 = Release|Any CPU
	EndGlobalSection
	GlobalSection(SolutionProperties) = preSolution
		HideSolutionNode = FALSE
	EndGlobalSection
	GlobalSection(ExtensibilityGlobals) = postSolution
		SolutionGuid = {1BC02787-AD57-42BC-BD2B-59ADD70600CA}
	EndGlobalSection
EndGlobal
