
Microsoft Visual Studio Solution File, Format Version 12.00
# Visual Studio Version 16
VisualStudioVersion = 16.0.30002.166
MinimumVisualStudioVersion = 10.0.40219.1
Project("{FAE04EC0-301F-11D3-BF4B-00C04F79EFBC}") = "Homework2", "Homework2.csproj", "{51EFEF8E-E304-4D4A-89FE-2C47F89ADCFF}"
EndProject
Global
	GlobalSection(SolutionConfigurationPlatforms) = preSolution
		Debug|Any CPU = Debug|Any CPU
		Release|Any CPU = Release|Any CPU
	EndGlobalSection
	GlobalSection(ProjectConfigurationPlatforms) = postSolution
		{51EFEF8E-E304-4D4A-89FE-2C47F89ADCFF}.Debug|Any CPU.ActiveCfg = Debug|Any CPU
		{51EFEF8E-E304-4D4A-89FE-2C47F89ADCFF}.Debug|Any CPU.Build.0 = Debug|Any CPU
		{51EFEF8E-E304-4D4A-89FE-2C47F89ADCFF}.Release|Any CPU.ActiveCfg = Release|Any CPU
		{51EFEF8E-E304-4D4A-89FE-2C47F89ADCFF}.Release|Any CPU.Build.0 = Release|Any CPU
	EndGlobalSection
	GlobalSection(SolutionProperties) = preSolution
		HideSolutionNode = FALSE
	EndGlobalSection
	GlobalSection(ExtensibilityGlobals) = postSolution
		SolutionGuid = {593A0CD3-2CE4-46B1-926C-9E6C55BAFE07}
	EndGlobalSection
EndGlobal
